// !$*UTF8*$!
{
	archiveVersion = 1;
	classes = {
	};
	objectVersion = 46;
	objects = {

/* Begin PBXBuildFile section */
		F874D71C192A137900FFD558 /* Foundation.framework in Frameworks */ = {isa = PBXBuildFile; fileRef = F874D71B192A137900FFD558 /* Foundation.framework */; };
		F874D71E192A137900FFD558 /* CoreGraphics.framework in Frameworks */ = {isa = PBXBuildFile; fileRef = F874D71D192A137900FFD558 /* CoreGraphics.framework */; };
		F874D720192A137900FFD558 /* UIKit.framework in Frameworks */ = {isa = PBXBuildFile; fileRef = F874D71F192A137900FFD558 /* UIKit.framework */; };
		F874D726192A137900FFD558 /* InfoPlist.strings in Resources */ = {isa = PBXBuildFile; fileRef = F874D724192A137900FFD558 /* InfoPlist.strings */; };
		F874D728192A137900FFD558 /* main.m in Sources */ = {isa = PBXBuildFile; fileRef = F874D727192A137900FFD558 /* main.m */; };
		F874D72C192A137900FFD558 /* STCAppDelegate.m in Sources */ = {isa = PBXBuildFile; fileRef = F874D72B192A137900FFD558 /* STCAppDelegate.m */; };
		F874D72F192A137900FFD558 /* Main.storyboard in Resources */ = {isa = PBXBuildFile; fileRef = F874D72D192A137900FFD558 /* Main.storyboard */; };
		F874D732192A137900FFD558 /* STCViewController.m in Sources */ = {isa = PBXBuildFile; fileRef = F874D731192A137900FFD558 /* STCViewController.m */; };
		F874D734192A137900FFD558 /* Images.xcassets in Resources */ = {isa = PBXBuildFile; fileRef = F874D733192A137900FFD558 /* Images.xcassets */; };
		F874D73B192A137900FFD558 /* XCTest.framework in Frameworks */ = {isa = PBXBuildFile; fileRef = F874D73A192A137900FFD558 /* XCTest.framework */; };
		F874D73C192A137900FFD558 /* Foundation.framework in Frameworks */ = {isa = PBXBuildFile; fileRef = F874D71B192A137900FFD558 /* Foundation.framework */; };
		F874D73D192A137900FFD558 /* UIKit.framework in Frameworks */ = {isa = PBXBuildFile; fileRef = F874D71F192A137900FFD558 /* UIKit.framework */; };
		F874D745192A137900FFD558 /* InfoPlist.strings in Resources */ = {isa = PBXBuildFile; fileRef = F874D743192A137900FFD558 /* InfoPlist.strings */; };
		F874D747192A137900FFD558 /* Drawing_a_HouseTests.m in Sources */ = {isa = PBXBuildFile; fileRef = F874D746192A137900FFD558 /* Drawing_a_HouseTests.m */; };
/* End PBXBuildFile section */

/* Begin PBXContainerItemProxy section */
		F874D73E192A137900FFD558 /* PBXContainerItemProxy */ = {
			isa = PBXContainerItemProxy;
			containerPortal = F874D710192A137900FFD558 /* Project object */;
			proxyType = 1;
			remoteGlobalIDString = F874D717192A137900FFD558;
			remoteInfo = "Drawing a House";
		};
/* End PBXContainerItemProxy section */

/* Begin PBXFileReference section */
		F874D718192A137900FFD558 /* Drawing a House.app */ = {isa = PBXFileReference; explicitFileType = wrapper.application; includeInIndex = 0; path = "Drawing a House.app"; sourceTree = BUILT_PRODUCTS_DIR; };
		F874D71B192A137900FFD558 /* Foundation.framework */ = {isa = PBXFileReference; lastKnownFileType = wrapper.framework; name = Foundation.framework; path = System/Library/Frameworks/Foundation.framework; sourceTree = SDKROOT; };
		F874D71D192A137900FFD558 /* CoreGraphics.framework */ = {isa = PBXFileReference; lastKnownFileType = wrapper.framework; name = CoreGraphics.framework; path = System/Library/Frameworks/CoreGraphics.framework; sourceTree = SDKROOT; };
		F874D71F192A137900FFD558 /* UIKit.framework */ = {isa = PBXFileReference; lastKnownFileType = wrapper.framework; name = UIKit.framework; path = System/Library/Frameworks/UIKit.framework; sourceTree = SDKROOT; };
		F874D723192A137900FFD558 /* Drawing a House-Info.plist */ = {isa = PBXFileReference; lastKnownFileType = text.plist.xml; path = "Drawing a House-Info.plist"; sourceTree = "<group>"; };
		F874D725192A137900FFD558 /* en */ = {isa = PBXFileReference; lastKnownFileType = text.plist.strings; name = en; path = en.lproj/InfoPlist.strings; sourceTree = "<group>"; };
		F874D727192A137900FFD558 /* main.m */ = {isa = PBXFileReference; lastKnownFileType = sourcecode.c.objc; path = main.m; sourceTree = "<group>"; };
		F874D729192A137900FFD558 /* Drawing a House-Prefix.pch */ = {isa = PBXFileReference; lastKnownFileType = sourcecode.c.h; path = "Drawing a House-Prefix.pch"; sourceTree = "<group>"; };
		F874D72A192A137900FFD558 /* STCAppDelegate.h */ = {isa = PBXFileReference; lastKnownFileType = sourcecode.c.h; path = STCAppDelegate.h; sourceTree = "<group>"; };
		F874D72B192A137900FFD558 /* STCAppDelegate.m */ = {isa = PBXFileReference; lastKnownFileType = sourcecode.c.objc; path = STCAppDelegate.m; sourceTree = "<group>"; };
		F874D72E192A137900FFD558 /* Base */ = {isa = PBXFileReference; lastKnownFileType = file.storyboard; name = Base; path = Base.lproj/Main.storyboard; sourceTree = "<group>"; };
		F874D730192A137900FFD558 /* STCViewController.h */ = {isa = PBXFileReference; lastKnownFileType = sourcecode.c.h; path = STCViewController.h; sourceTree = "<group>"; };
		F874D731192A137900FFD558 /* STCViewController.m */ = {isa = PBXFileReference; lastKnownFileType = sourcecode.c.objc; path = STCViewController.m; sourceTree = "<group>"; };
		F874D733192A137900FFD558 /* Images.xcassets */ = {isa = PBXFileReference; lastKnownFileType = folder.assetcatalog; path = Images.xcassets; sourceTree = "<group>"; };
		F874D739192A137900FFD558 /* Drawing a HouseTests.xctest */ = {isa = PBXFileReference; explicitFileType = wrapper.cfbundle; includeInIndex = 0; path = "Drawing a HouseTests.xctest"; sourceTree = BUILT_PRODUCTS_DIR; };
		F874D73A192A137900FFD558 /* XCTest.framework */ = {isa = PBXFileReference; lastKnownFileType = wrapper.framework; name = XCTest.framework; path = Library/Frameworks/XCTest.framework; sourceTree = DEVELOPER_DIR; };
		F874D742192A137900FFD558 /* Drawing a HouseTests-Info.plist */ = {isa = PBXFileReference; lastKnownFileType = text.plist.xml; path = "Drawing a HouseTests-Info.plist"; sourceTree = "<group>"; };
		F874D744192A137900FFD558 /* en */ = {isa = PBXFileReference; lastKnownFileType = text.plist.strings; name = en; path = en.lproj/InfoPlist.strings; sourceTree = "<group>"; };
		F874D746192A137900FFD558 /* Drawing_a_HouseTests.m */ = {isa = PBXFileReference; lastKnownFileType = sourcecode.c.objc; path = Drawing_a_HouseTests.m; sourceTree = "<group>"; };
/* End PBXFileReference section */

/* Begin PBXFrameworksBuildPhase section */
		F874D715192A137900FFD558 /* Frameworks */ = {
			isa = PBXFrameworksBuildPhase;
			buildActionMask = 2147483647;
			files = (
				F874D71E192A137900FFD558 /* CoreGraphics.framework in Frameworks */,
				F874D720192A137900FFD558 /* UIKit.framework in Frameworks */,
				F874D71C192A137900FFD558 /* Foundation.framework in Frameworks */,
			);
			runOnlyForDeploymentPostprocessing = 0;
		};
		F874D736192A137900FFD558 /* Frameworks */ = {
			isa = PBXFrameworksBuildPhase;
			buildActionMask = 2147483647;
			files = (
				F874D73B192A137900FFD558 /* XCTest.framework in Frameworks */,
				F874D73D192A137900FFD558 /* UIKit.framework in Frameworks */,
				F874D73C192A137900FFD558 /* Foundation.framework in Frameworks */,
			);
			runOnlyForDeploymentPostprocessing = 0;
		};
/* End PBXFrameworksBuildPhase section */

/* Begin PBXGroup section */
		F874D70F192A137900FFD558 = {
			isa = PBXGroup;
			children = (
				F874D721192A137900FFD558 /* Drawing a House */,
				F874D740192A137900FFD558 /* Drawing a HouseTests */,
				F874D71A192A137900FFD558 /* Frameworks */,
				F874D719192A137900FFD558 /* Products */,
			);
			sourceTree = "<group>";
		};
		F874D719192A137900FFD558 /* Products */ = {
			isa = PBXGroup;
			children = (
				F874D718192A137900FFD558 /* Drawing a House.app */,
				F874D739192A137900FFD558 /* Drawing a HouseTests.xctest */,
			);
			name = Products;
			sourceTree = "<group>";
		};
		F874D71A192A137900FFD558 /* Frameworks */ = {
			isa = PBXGroup;
			children = (
				F874D71B192A137900FFD558 /* Foundation.framework */,
				F874D71D192A137900FFD558 /* CoreGraphics.framework */,
				F874D71F192A137900FFD558 /* UIKit.framework */,
				F874D73A192A137900FFD558 /* XCTest.framework */,
			);
			name = Frameworks;
			sourceTree = "<group>";
		};
		F874D721192A137900FFD558 /* Drawing a House */ = {
			isa = PBXGroup;
			children = (
				F874D72A192A137900FFD558 /* STCAppDelegate.h */,
				F874D72B192A137900FFD558 /* STCAppDelegate.m */,
				F874D72D192A137900FFD558 /* Main.storyboard */,
				F874D730192A137900FFD558 /* STCViewController.h */,
				F874D731192A137900FFD558 /* STCViewController.m */,
				F874D733192A137900FFD558 /* Images.xcassets */,
				F874D722192A137900FFD558 /* Supporting Files */,
			);
			path = "Drawing a House";
			sourceTree = "<group>";
		};
		F874D722192A137900FFD558 /* Supporting Files */ = {
			isa = PBXGroup;
			children = (
				F874D723192A137900FFD558 /* Drawing a House-Info.plist */,
				F874D724192A137900FFD558 /* InfoPlist.strings */,
				F874D727192A137900FFD558 /* main.m */,
				F874D729192A137900FFD558 /* Drawing a House-Prefix.pch */,
			);
			name = "Supporting Files";
			sourceTree = "<group>";
		};
		F874D740192A137900FFD558 /* Drawing a HouseTests */ = {
			isa = PBXGroup;
			children = (
				F874D746192A137900FFD558 /* Drawing_a_HouseTests.m */,
				F874D741192A137900FFD558 /* Supporting Files */,
			);
			path = "Drawing a HouseTests";
			sourceTree = "<group>";
		};
		F874D741192A137900FFD558 /* Supporting Files */ = {
			isa = PBXGroup;
			children = (
				F874D742192A137900FFD558 /* Drawing a HouseTests-Info.plist */,
				F874D743192A137900FFD558 /* InfoPlist.strings */,
			);
			name = "Supporting Files";
			sourceTree = "<group>";
		};
/* End PBXGroup section */

/* Begin PBXNativeTarget section */
		F874D717192A137900FFD558 /* Drawing a House */ = {
			isa = PBXNativeTarget;
			buildConfigurationList = F874D74A192A137900FFD558 /* Build configuration list for PBXNativeTarget "Drawing a House" */;
			buildPhases = (
				F874D714192A137900FFD558 /* Sources */,
				F874D715192A137900FFD558 /* Frameworks */,
				F874D716192A137900FFD558 /* Resources */,
			);
			buildRules = (
			);
			dependencies = (
			);
			name = "Drawing a House";
			productName = "Drawing a House";
			productReference = F874D718192A137900FFD558 /* Drawing a House.app */;
			productType = "com.apple.product-type.application";
		};
		F874D738192A137900FFD558 /* Drawing a HouseTests */ = {
			isa = PBXNativeTarget;
			buildConfigurationList = F874D74D192A137900FFD558 /* Build configuration list for PBXNativeTarget "Drawing a HouseTests" */;
			buildPhases = (
				F874D735192A137900FFD558 /* Sources */,
				F874D736192A137900FFD558 /* Frameworks */,
				F874D737192A137900FFD558 /* Resources */,
			);
			buildRules = (
			);
			dependencies = (
				F874D73F192A137900FFD558 /* PBXTargetDependency */,
			);
			name = "Drawing a HouseTests";
			productName = "Drawing a HouseTests";
			productReference = F874D739192A137900FFD558 /* Drawing a HouseTests.xctest */;
			productType = "com.apple.product-type.bundle.unit-test";
		};
/* End PBXNativeTarget section */

/* Begin PBXProject section */
		F874D710192A137900FFD558 /* Project object */ = {
			isa = PBXProject;
			attributes = {
				CLASSPREFIX = STC;
				LastUpgradeCheck = 0510;
				ORGANIZATIONNAME = "One foot after the other";
				TargetAttributes = {
					F874D738192A137900FFD558 = {
						TestTargetID = F874D717192A137900FFD558;
					};
				};
			};
			buildConfigurationList = F874D713192A137900FFD558 /* Build configuration list for PBXProject "Drawing a House" */;
			compatibilityVersion = "Xcode 3.2";
			developmentRegion = English;
			hasScannedForEncodings = 0;
			knownRegions = (
				en,
				Base,
			);
			mainGroup = F874D70F192A137900FFD558;
			productRefGroup = F874D719192A137900FFD558 /* Products */;
			projectDirPath = "";
			projectRoot = "";
			targets = (
				F874D717192A137900FFD558 /* Drawing a House */,
				F874D738192A137900FFD558 /* Drawing a HouseTests */,
			);
		};
/* End PBXProject section */

/* Begin PBXResourcesBuildPhase section */
		F874D716192A137900FFD558 /* Resources */ = {
			isa = PBXResourcesBuildPhase;
			buildActionMask = 2147483647;
			files = (
				F874D734192A137900FFD558 /* Images.xcassets in Resources */,
				F874D726192A137900FFD558 /* InfoPlist.strings in Resources */,
				F874D72F192A137900FFD558 /* Main.storyboard in Resources */,
			);
			runOnlyForDeploymentPostprocessing = 0;
		};
		F874D737192A137900FFD558 /* Resources */ = {
			isa = PBXResourcesBuildPhase;
			buildActionMask = 2147483647;
			files = (
				F874D745192A137900FFD558 /* InfoPlist.strings in Resources */,
			);
			runOnlyForDeploymentPostprocessing = 0;
		};
/* End PBXResourcesBuildPhase section */

/* Begin PBXSourcesBuildPhase section */
		F874D714192A137900FFD558 /* Sources */ = {
			isa = PBXSourcesBuildPhase;
			buildActionMask = 2147483647;
			files = (
				F874D728192A137900FFD558 /* main.m in Sources */,
				F874D732192A137900FFD558 /* STCViewController.m in Sources */,
				F874D72C192A137900FFD558 /* STCAppDelegate.m in Sources */,
			);
			runOnlyForDeploymentPostprocessing = 0;
		};
		F874D735192A137900FFD558 /* Sources */ = {
			isa = PBXSourcesBuildPhase;
			buildActionMask = 2147483647;
			files = (
				F874D747192A137900FFD558 /* Drawing_a_HouseTests.m in Sources */,
			);
			runOnlyForDeploymentPostprocessing = 0;
		};
/* End PBXSourcesBuildPhase section */

/* Begin PBXTargetDependency section */
		F874D73F192A137900FFD558 /* PBXTargetDependency */ = {
			isa = PBXTargetDependency;
			target = F874D717192A137900FFD558 /* Drawing a House */;
			targetProxy = F874D73E192A137900FFD558 /* PBXContainerItemProxy */;
		};
/* End PBXTargetDependency section */

/* Begin PBXVariantGroup section */
		F874D724192A137900FFD558 /* InfoPlist.strings */ = {
			isa = PBXVariantGroup;
			children = (
				F874D725192A137900FFD558 /* en */,
			);
			name = InfoPlist.strings;
			sourceTree = "<group>";
		};
		F874D72D192A137900FFD558 /* Main.storyboard */ = {
			isa = PBXVariantGroup;
			children = (
				F874D72E192A137900FFD558 /* Base */,
			);
			name = Main.storyboard;
			sourceTree = "<group>";
		};
		F874D743192A137900FFD558 /* InfoPlist.strings */ = {
			isa = PBXVariantGroup;
			children = (
				F874D744192A137900FFD558 /* en */,
			);
			name = InfoPlist.strings;
			sourceTree = "<group>";
		};
/* End PBXVariantGroup section */

/* Begin XCBuildConfiguration section */
		F874D748192A137900FFD558 /* Debug */ = {
			isa = XCBuildConfiguration;
			buildSettings = {
				ALWAYS_SEARCH_USER_PATHS = NO;
				CLANG_CXX_LANGUAGE_STANDARD = "gnu++0x";
				CLANG_CXX_LIBRARY = "libc++";
				CLANG_ENABLE_MODULES = YES;
				CLANG_ENABLE_OBJC_ARC = YES;
				CLANG_WARN_BOOL_CONVERSION = YES;
				CLANG_WARN_CONSTANT_CONVERSION = YES;
				CLANG_WARN_DIRECT_OBJC_ISA_USAGE = YES_ERROR;
				CLANG_WARN_EMPTY_BODY = YES;
				CLANG_WARN_ENUM_CONVERSION = YES;
				CLANG_WARN_INT_CONVERSION = YES;
				CLANG_WARN_OBJC_ROOT_CLASS = YES_ERROR;
				CLANG_WARN__DUPLICATE_METHOD_MATCH = YES;
				"CODE_SIGN_IDENTITY[sdk=iphoneos*]" = "iPhone Developer";
				COPY_PHASE_STRIP = NO;
				GCC_C_LANGUAGE_STANDARD = gnu99;
				GCC_DYNAMIC_NO_PIC = NO;
				GCC_OPTIMIZATION_LEVEL = 0;
				GCC_PREPROCESSOR_DEFINITIONS = (
					"DEBUG=1",
					"$(inherited)",
				);
				GCC_SYMBOLS_PRIVATE_EXTERN = NO;
				GCC_WARN_64_TO_32_BIT_CONVERSION = YES;
				GCC_WARN_ABOUT_RETURN_TYPE = YES_ERROR;
				GCC_WARN_UNDECLARED_SELECTOR = YES;
				GCC_WARN_UNINITIALIZED_AUTOS = YES_AGGRESSIVE;
				GCC_WARN_UNUSED_FUNCTION = YES;
				GCC_WARN_UNUSED_VARIABLE = YES;
				IPHONEOS_DEPLOYMENT_TARGET = 7.1;
				ONLY_ACTIVE_ARCH = YES;
				SDKROOT = iphoneos;
			};
			name = Debug;
		};
		F874D749192A137900FFD558 /* Release */ = {
			isa = XCBuildConfiguration;
			buildSettings = {
				ALWAYS_SEARCH_USER_PATHS = NO;
				CLANG_CXX_LANGUAGE_STANDARD = "gnu++0x";
				CLANG_CXX_LIBRARY = "libc++";
				CLANG_ENABLE_MODULES = YES;
				CLANG_ENABLE_OBJC_ARC = YES;
				CLANG_WARN_BOOL_CONVERSION = YES;
				CLANG_WARN_CONSTANT_CONVERSION = YES;
				CLANG_WARN_DIRECT_OBJC_ISA_USAGE = YES_ERROR;
				CLANG_WARN_EMPTY_BODY = YES;
				CLANG_WARN_ENUM_CONVERSION = YES;
				CLANG_WARN_INT_CONVERSION = YES;
				CLANG_WARN_OBJC_ROOT_CLASS = YES_ERROR;
				CLANG_WARN__DUPLICATE_METHOD_MATCH = YES;
				"CODE_SIGN_IDENTITY[sdk=iphoneos*]" = "iPhone Developer";
				COPY_PHASE_STRIP = YES;
				ENABLE_NS_ASSERTIONS = NO;
				GCC_C_LANGUAGE_STANDARD = gnu99;
				GCC_WARN_64_TO_32_BIT_CONVERSION = YES;
				GCC_WARN_ABOUT_RETURN_TYPE = YES_ERROR;
				GCC_WARN_UNDECLARED_SELECTOR = YES;
				GCC_WARN_UNINITIALIZED_AUTOS = YES_AGGRESSIVE;
				GCC_WARN_UNUSED_FUNCTION = YES;
				GCC_WARN_UNUSED_VARIABLE = YES;
				IPHONEOS_DEPLOYMENT_TARGET = 7.1;
				SDKROOT = iphoneos;
				VALIDATE_PRODUCT = YES;
			};
			name = Release;
		};
		F874D74B192A137900FFD558 /* Debug */ = {
			isa = XCBuildConfiguration;
			buildSettings = {
				ASSETCATALOG_COMPILER_APPICON_NAME = AppIcon;
				ASSETCATALOG_COMPILER_LAUNCHIMAGE_NAME = LaunchImage;
				GCC_PRECOMPILE_PREFIX_HEADER = YES;
				GCC_PREFIX_HEADER = "Drawing a House/Drawing a House-Prefix.pch";
				INFOPLIST_FILE = "Drawing a House/Drawing a House-Info.plist";
				PRODUCT_NAME = "$(TARGET_NAME)";
				WRAPPER_EXTENSION = app;
			};
			name = Debug;
		};
		F874D74C192A137900FFD558 /* Release */ = {
			isa = XCBuildConfiguration;
			buildSettings = {
				ASSETCATALOG_COMPILER_APPICON_NAME = AppIcon;
				ASSETCATALOG_COMPILER_LAUNCHIMAGE_NAME = LaunchImage;
				GCC_PRECOMPILE_PREFIX_HEADER = YES;
				GCC_PREFIX_HEADER = "Drawing a House/Drawing a House-Prefix.pch";
				INFOPLIST_FILE = "Drawing a House/Drawing a House-Info.plist";
				PRODUCT_NAME = "$(TARGET_NAME)";
				WRAPPER_EXTENSION = app;
			};
			name = Release;
		};
		F874D74E192A137900FFD558 /* Debug */ = {
			isa = XCBuildConfiguration;
			buildSettings = {
				BUNDLE_LOADER = "$(BUILT_PRODUCTS_DIR)/Drawing a House.app/Drawing a House";
				FRAMEWORK_SEARCH_PATHS = (
					"$(SDKROOT)/Developer/Library/Frameworks",
					"$(inherited)",
					"$(DEVELOPER_FRAMEWORKS_DIR)",
				);
				GCC_PRECOMPILE_PREFIX_HEADER = YES;
				GCC_PREFIX_HEADER = "Drawing a House/Drawing a House-Prefix.pch";
				GCC_PREPROCESSOR_DEFINITIONS = (
					"DEBUG=1",
					"$(inherited)",
				);
				INFOPLIST_FILE = "Drawing a HouseTests/Drawing a HouseTests-Info.plist";
				PRODUCT_NAME = "$(TARGET_NAME)";
				TEST_HOST = "$(BUNDLE_LOADER)";
				WRAPPER_EXTENSION = xctest;
			};
			name = Debug;
		};
		F874D74F192A137900FFD558 /* Release */ = {
			isa = XCBuildConfiguration;
			buildSettings = {
				BUNDLE_LOADER = "$(BUILT_PRODUCTS_DIR)/Drawing a House.app/Drawing a House";
				FRAMEWORK_SEARCH_PATHS = (
					"$(SDKROOT)/Developer/Library/Frameworks",
					"$(inherited)",
					"$(DEVELOPER_FRAMEWORKS_DIR)",
				);
				GCC_PRECOMPILE_PREFIX_HEADER = YES;
				GCC_PREFIX_HEADER = "Drawing a House/Drawing a House-Prefix.pch";
				INFOPLIST_FILE = "Drawing a HouseTests/Drawing a HouseTests-Info.plist";
				PRODUCT_NAME = "$(TARGET_NAME)";
				TEST_HOST = "$(BUNDLE_LOADER)";
				WRAPPER_EXTENSION = xctest;
			};
			name = Release;
		};
/* End XCBuildConfiguration section */

/* Begin XCConfigurationList section */
		F874D713192A137900FFD558 /* Build configuration list for PBXProject "Drawing a House" */ = {
			isa = XCConfigurationList;
			buildConfigurations = (
				F874D748192A137900FFD558 /* Debug */,
				F874D749192A137900FFD558 /* Release */,
			);
			defaultConfigurationIsVisible = 0;
			defaultConfigurationName = Release;
		};
		F874D74A192A137900FFD558 /* Build configuration list for PBXNativeTarget "Drawing a House" */ = {
			isa = XCConfigurationList;
			buildConfigurations = (
				F874D74B192A137900FFD558 /* Debug */,
				F874D74C192A137900FFD558 /* Release */,
			);
			defaultConfigurationIsVisible = 0;
		};
		F874D74D192A137900FFD558 /* Build configuration list for PBXNativeTarget "Drawing a HouseTests" */ = {
			isa = XCConfigurationList;
			buildConfigurations = (
				F874D74E192A137900FFD558 /* Debug */,
				F874D74F192A137900FFD558 /* Release */,
			);
			defaultConfigurationIsVisible = 0;
		};
/* End XCConfigurationList section */
	};
	rootObject = F874D710192A137900FFD558 /* Project object */;
}
